
Microsoft Visual Studio Solution File, Format Version 12.00
# Visual Studio Version 16
VisualStudioVersion = 16.0.29102.190
MinimumVisualStudioVersion = 10.0.40219.1
Project("{FAE04EC0-301F-11D3-BF4B-00C04F79EFBC}") = "Cake.GetNuGetLicense", "Cake.GetNuGetLicense\Cake.GetNuGetLicense.csproj", "{57E1CA77-E262-4C47-ADCF-1CC1FD24DC20}"
EndProject
Global
	GlobalSection(SolutionConfigurationPlatforms) = preSolution
		Debug|Any CPU = Debug|Any CPU
		Release|Any CPU = Release|Any CPU
	EndGlobalSection
	GlobalSection(ProjectConfigurationPlatforms) = postSolution
		{57E1CA77-E262-4C47-ADCF-1CC1FD24DC20}.Debug|Any CPU.ActiveCfg = Debug|Any CPU
		{57E1CA77-E262-4C47-ADCF-1CC1FD24DC20}.Debug|Any CPU.Build.0 = Debug|Any CPU
		{57E1CA77-E262-4C47-ADCF-1CC1FD24DC20}.Release|Any CPU.ActiveCfg = Release|Any CPU
		{57E1CA77-E262-4C47-ADCF-1CC1FD24DC20}.Release|Any CPU.Build.0 = Release|Any CPU
	EndGlobalSection
	GlobalSection(SolutionProperties) = preSolution
		HideSolutionNode = FALSE
	EndGlobalSection
	GlobalSection(ExtensibilityGlobals) = postSolution
		SolutionGuid = {DF98D0F3-8C6B-40EF-A653-0CE7F9F04556}
	EndGlobalSection
EndGlobal
